{
  "originHash" : "5f7190f94dd2710a2a9369bde30cdb58e18cc3cc3450a3ea3b47bc9cbe7e9c14",
  "pins" : [
    {
      "identity" : "mlx-swift",
      "kind" : "remoteSourceControl",
      "location" : "https://github.com/ekryski/mlx-swift",
      "state" : {
        "branch" : "alpha",
        "revision" : "8ae1a12754ea8902c1f19e9e1905e957cdcc2065"
      }
    },
    {
      "identity" : "mlx-swift-lm",
      "kind" : "remoteSourceControl",
      "location" : "https://github.com/TheTom/mlx-swift-lm.git",
      "state" : {
        "branch" : "vllm-swift-stable",
        "revision" : "a17e042553c52a125afcd54566ddc58dd6077a69"
      }
    },
    {
      "identity" : "swift-numerics",
      "kind" : "remoteSourceControl",
      "location" : "https://github.com/apple/swift-numerics",
      "state" : {
        "revision" : "0c0290ff6b24942dadb83a929ffaaa1481df04a2",
        "version" : "1.1.1"
      }
    },
    {
      "identity" : "swift-syntax",
      "kind" : "remoteSourceControl",
      "location" : "https://github.com/swiftlang/swift-syntax.git",
      "state" : {
        "revision" : "0687f71944021d616d34d922343dcef086855920",
        "version" : "600.0.1"
      }
    }
  ],
  "version" : 3
}
